// !$*UTF8*$!
{
	archiveVersion = 1;
	classes = {
	};
	objectVersion = 46;
	objects = {

/* Begin PBXBuildFile section */
		79046421198CABFC00FF6C22 /* AudioToolbox.framework in Frameworks */ = {isa = PBXBuildFile; fileRef = 7932AD80198A37C300151759 /* AudioToolbox.framework */; };
		79046430198E263600FF6C22 /* DZAudioQueuePlayer.cpp in Sources */ = {isa = PBXBuildFile; fileRef = 7904642E198E263600FF6C22 /* DZAudioQueuePlayer.cpp */; };
		79046433198E418000FF6C22 /* DZAudioPlayer.mm in Sources */ = {isa = PBXBuildFile; fileRef = 79046432198E418000FF6C22 /* DZAudioPlayer.mm */; };
		7918083519B546A00059B5B8 /* DZDownloadList.m in Sources */ = {isa = PBXBuildFile; fileRef = 7918083419B546A00059B5B8 /* DZDownloadList.m */; };
		7918083819B5526A0059B5B8 /* DZDownloadButton.m in Sources */ = {isa = PBXBuildFile; fileRef = 7918083719B5526A0059B5B8 /* DZDownloadButton.m */; };
		7918084119B553750059B5B8 /* download-button.png in Resources */ = {isa = PBXBuildFile; fileRef = 7918083B19B553750059B5B8 /* download-button.png */; };
		7918084219B553750059B5B8 /* download-button@2x.png in Resources */ = {isa = PBXBuildFile; fileRef = 7918083C19B553750059B5B8 /* download-button@2x.png */; };
		7918084319B553750059B5B8 /* pause-download.png in Resources */ = {isa = PBXBuildFile; fileRef = 7918083D19B553750059B5B8 /* pause-download.png */; };
		7918084419B553750059B5B8 /* pause-download@2x.png in Resources */ = {isa = PBXBuildFile; fileRef = 7918083E19B553750059B5B8 /* pause-download@2x.png */; };
		7921C37A198A68AA00A6B408 /* DZCache.m in Sources */ = {isa = PBXBuildFile; fileRef = 7921C379198A68AA00A6B408 /* DZCache.m */; };
		7932AD4D198A1B5000151759 /* Foundation.framework in Frameworks */ = {isa = PBXBuildFile; fileRef = 7932AD4C198A1B5000151759 /* Foundation.framework */; };
		7932AD4F198A1B5000151759 /* CoreGraphics.framework in Frameworks */ = {isa = PBXBuildFile; fileRef = 7932AD4E198A1B5000151759 /* CoreGraphics.framework */; };
		7932AD51198A1B5000151759 /* UIKit.framework in Frameworks */ = {isa = PBXBuildFile; fileRef = 7932AD50198A1B5000151759 /* UIKit.framework */; };
		7932AD57198A1B5000151759 /* InfoPlist.strings in Resources */ = {isa = PBXBuildFile; fileRef = 7932AD55198A1B5000151759 /* InfoPlist.strings */; };
		7932AD59198A1B5000151759 /* main.m in Sources */ = {isa = PBXBuildFile; fileRef = 7932AD58198A1B5000151759 /* main.m */; };
		7932AD5D198A1B5000151759 /* DZAppDelegate.m in Sources */ = {isa = PBXBuildFile; fileRef = 7932AD5C198A1B5000151759 /* DZAppDelegate.m */; };
		7932AD5F198A1B5000151759 /* Images.xcassets in Resources */ = {isa = PBXBuildFile; fileRef = 7932AD5E198A1B5000151759 /* Images.xcassets */; };
		7932AD66198A1B5000151759 /* XCTest.framework in Frameworks */ = {isa = PBXBuildFile; fileRef = 7932AD65198A1B5000151759 /* XCTest.framework */; };
		7932AD67198A1B5000151759 /* Foundation.framework in Frameworks */ = {isa = PBXBuildFile; fileRef = 7932AD4C198A1B5000151759 /* Foundation.framework */; };
		7932AD68198A1B5000151759 /* UIKit.framework in Frameworks */ = {isa = PBXBuildFile; fileRef = 7932AD50198A1B5000151759 /* UIKit.framework */; };
		7932AD70198A1B5000151759 /* InfoPlist.strings in Resources */ = {isa = PBXBuildFile; fileRef = 7932AD6E198A1B5000151759 /* InfoPlist.strings */; };
		7932AD72198A1B5000151759 /* mypodcastTests.m in Sources */ = {isa = PBXBuildFile; fileRef = 7932AD71198A1B5000151759 /* mypodcastTests.m */; };
		7932AD7C198A1B9D00151759 /* Storyboard.storyboard in Resources */ = {isa = PBXBuildFile; fileRef = 7932AD7B198A1B9D00151759 /* Storyboard.storyboard */; };
		7939208D19A0E5930097AC63 /* DZChannel.m in Sources */ = {isa = PBXBuildFile; fileRef = 7939208C19A0E5930097AC63 /* DZChannel.m */; };
		7939208E19A0E5930097AC63 /* DZChannel.m in Sources */ = {isa = PBXBuildFile; fileRef = 7939208C19A0E5930097AC63 /* DZChannel.m */; };
		7939209119A0E5930097AC63 /* DZItem.m in Sources */ = {isa = PBXBuildFile; fileRef = 7939209019A0E5930097AC63 /* DZItem.m */; };
		7939209219A0E5930097AC63 /* DZItem.m in Sources */ = {isa = PBXBuildFile; fileRef = 7939209019A0E5930097AC63 /* DZItem.m */; };
		7939A222199DE38A00EF6339 /* Model.xcdatamodeld in Sources */ = {isa = PBXBuildFile; fileRef = 7939A220199DE38A00EF6339 /* Model.xcdatamodeld */; };
		7939A234199DE99500EF6339 /* DZDatabase.m in Sources */ = {isa = PBXBuildFile; fileRef = 7939A233199DE99500EF6339 /* DZDatabase.m */; };
		7939A235199DE99500EF6339 /* DZDatabase.m in Sources */ = {isa = PBXBuildFile; fileRef = 7939A233199DE99500EF6339 /* DZDatabase.m */; };
		7939A281199E05BC00EF6339 /* CoreData.framework in Frameworks */ = {isa = PBXBuildFile; fileRef = 7939A280199E05BC00EF6339 /* CoreData.framework */; };
		7939A284199E367200EF6339 /* DZFeedParser.m in Sources */ = {isa = PBXBuildFile; fileRef = 7939A283199E367200EF6339 /* DZFeedParser.m */; };
		7953679519BBCBAC00CE997A /* NSMutableArray+SWUtilityButtons.m in Sources */ = {isa = PBXBuildFile; fileRef = 7953678A19BBCBAC00CE997A /* NSMutableArray+SWUtilityButtons.m */; };
		7953679619BBCBAC00CE997A /* SWCellScrollView.m in Sources */ = {isa = PBXBuildFile; fileRef = 7953678C19BBCBAC00CE997A /* SWCellScrollView.m */; };
		7953679719BBCBAC00CE997A /* SWLongPressGestureRecognizer.m in Sources */ = {isa = PBXBuildFile; fileRef = 7953678E19BBCBAC00CE997A /* SWLongPressGestureRecognizer.m */; };
		7953679819BBCBAC00CE997A /* SWTableViewCell.m in Sources */ = {isa = PBXBuildFile; fileRef = 7953679019BBCBAC00CE997A /* SWTableViewCell.m */; };
		7953679919BBCBAC00CE997A /* SWUtilityButtonTapGestureRecognizer.m in Sources */ = {isa = PBXBuildFile; fileRef = 7953679219BBCBAC00CE997A /* SWUtilityButtonTapGestureRecognizer.m */; };
		7953679A19BBCBAC00CE997A /* SWUtilityButtonView.m in Sources */ = {isa = PBXBuildFile; fileRef = 7953679419BBCBAC00CE997A /* SWUtilityButtonView.m */; };
		795539F319971C0200D103D0 /* pause-button.png in Resources */ = {isa = PBXBuildFile; fileRef = 795539EF19971C0200D103D0 /* pause-button.png */; };
		795539F419971C0200D103D0 /* pause-button@2x.png in Resources */ = {isa = PBXBuildFile; fileRef = 795539F019971C0200D103D0 /* pause-button@2x.png */; };
		795539F519971C0200D103D0 /* play-button.png in Resources */ = {isa = PBXBuildFile; fileRef = 795539F119971C0200D103D0 /* play-button.png */; };
		795539F619971C0200D103D0 /* play-button@2x.png in Resources */ = {isa = PBXBuildFile; fileRef = 795539F219971C0200D103D0 /* play-button@2x.png */; };
		795AB51E198B522B00A083CD /* SystemConfiguration.framework in Frameworks */ = {isa = PBXBuildFile; fileRef = 795AB51D198B522B00A083CD /* SystemConfiguration.framework */; };
		795F8A6D19978C0E00270D51 /* slide-thumb@2x.png in Resources */ = {isa = PBXBuildFile; fileRef = 795F8A6C19978C0E00270D51 /* slide-thumb@2x.png */; };
		796201D419A209FD005E0288 /* DZEventCenter.m in Sources */ = {isa = PBXBuildFile; fileRef = 796201D319A209FD005E0288 /* DZEventCenter.m */; };
		796201D519A209FD005E0288 /* DZEventCenter.m in Sources */ = {isa = PBXBuildFile; fileRef = 796201D319A209FD005E0288 /* DZEventCenter.m */; };
		7978CB32198F63B00032AD4C /* AVFoundation.framework in Frameworks */ = {isa = PBXBuildFile; fileRef = 7904641C198CA84100FF6C22 /* AVFoundation.framework */; };
		79828FB919B2C89B0086C669 /* NSString+DZFormatter.m in Sources */ = {isa = PBXBuildFile; fileRef = 79828FB819B2C89B0086C669 /* NSString+DZFormatter.m */; };
		798CAF601994F5C000172D13 /* DZFileStream.m in Sources */ = {isa = PBXBuildFile; fileRef = 798CAF5F1994F5C000172D13 /* DZFileStream.m */; };
		79A2E4DA19B2015000FAD4D8 /* DZFeedViewController.m in Sources */ = {isa = PBXBuildFile; fileRef = 79A2E4D719B2015000FAD4D8 /* DZFeedViewController.m */; };
		79A2E4DB19B2015000FAD4D8 /* DZPlayViewController.m in Sources */ = {isa = PBXBuildFile; fileRef = 79A2E4D919B2015000FAD4D8 /* DZPlayViewController.m */; };
		79A2E4E519B2015A00FAD4D8 /* DZFeedHeaderCell.m in Sources */ = {isa = PBXBuildFile; fileRef = 79A2E4DF19B2015A00FAD4D8 /* DZFeedHeaderCell.m */; };
		79A2E4E619B2015A00FAD4D8 /* DZFeedItemCell.m in Sources */ = {isa = PBXBuildFile; fileRef = 79A2E4E119B2015A00FAD4D8 /* DZFeedItemCell.m */; };
		79A2E4E719B2015A00FAD4D8 /* DZSlider.m in Sources */ = {isa = PBXBuildFile; fileRef = 79A2E4E319B2015A00FAD4D8 /* DZSlider.m */; };
		79A2E4EB19B202D300FAD4D8 /* UIImage+DZImagePool.m in Sources */ = {isa = PBXBuildFile; fileRef = 79A2E4EA19B202D300FAD4D8 /* UIImage+DZImagePool.m */; };
		79B9719919BC567000E327AE /* DZItem+DZItemOperation.m in Sources */ = {isa = PBXBuildFile; fileRef = 79B9719819BC567000E327AE /* DZItem+DZItemOperation.m */; };
		79E4F32419B6ADAC000444BA /* UIButton+DZImagePool.m in Sources */ = {isa = PBXBuildFile; fileRef = 79E4F32319B6ADAC000444BA /* UIButton+DZImagePool.m */; };
		79E4F32719B71D50000444BA /* DZPlayList.m in Sources */ = {isa = PBXBuildFile; fileRef = 79E4F32619B71D50000444BA /* DZPlayList.m */; };
		79FC98CE19932E0400FBC8DB /* slide-thumb.png in Resources */ = {isa = PBXBuildFile; fileRef = 79FC98CD19932E0400FBC8DB /* slide-thumb.png */; };
		79FD281319B212A300359414 /* play-bullet.png in Resources */ = {isa = PBXBuildFile; fileRef = 79FD281119B212A300359414 /* play-bullet.png */; };
		79FD281419B212A300359414 /* play-bullet@2x.png in Resources */ = {isa = PBXBuildFile; fileRef = 79FD281219B212A300359414 /* play-bullet@2x.png */; };
		79FD281919B2130B00359414 /* half-bullet.png in Resources */ = {isa = PBXBuildFile; fileRef = 79FD281519B2130B00359414 /* half-bullet.png */; };
		79FD281A19B2130B00359414 /* half-bullet@2x.png in Resources */ = {isa = PBXBuildFile; fileRef = 79FD281619B2130B00359414 /* half-bullet@2x.png */; };
		79FD281B19B2130B00359414 /* new-bullet.png in Resources */ = {isa = PBXBuildFile; fileRef = 79FD281719B2130B00359414 /* new-bullet.png */; };
		79FD281C19B2130B00359414 /* new-bullet@2x.png in Resources */ = {isa = PBXBuildFile; fileRef = 79FD281819B2130B00359414 /* new-bullet@2x.png */; };
/* End PBXBuildFile section */

/* Begin PBXContainerItemProxy section */
		7932AD69198A1B5000151759 /* PBXContainerItemProxy */ = {
			isa = PBXContainerItemProxy;
			containerPortal = 7932AD41198A1B5000151759 /* Project object */;
			proxyType = 1;
			remoteGlobalIDString = 7932AD48198A1B5000151759;
			remoteInfo = mypodcast;
		};
/* End PBXContainerItemProxy section */

/* Begin PBXFileReference section */
		7904641C198CA84100FF6C22 /* AVFoundation.framework */ = {isa = PBXFileReference; lastKnownFileType = wrapper.framework; name = AVFoundation.framework; path = System/Library/Frameworks/AVFoundation.framework; sourceTree = SDKROOT; };
		7904642E198E263600FF6C22 /* DZAudioQueuePlayer.cpp */ = {isa = PBXFileReference; fileEncoding = 4; lastKnownFileType = sourcecode.cpp.cpp; path = DZAudioQueuePlayer.cpp; sourceTree = "<group>"; };
		7904642F198E263600FF6C22 /* DZAudioQueuePlayer.h */ = {isa = PBXFileReference; fileEncoding = 4; lastKnownFileType = sourcecode.c.h; path = DZAudioQueuePlayer.h; sourceTree = "<group>"; };
		79046431198E418000FF6C22 /* DZAudioPlayer.h */ = {isa = PBXFileReference; fileEncoding = 4; lastKnownFileType = sourcecode.c.h; path = DZAudioPlayer.h; sourceTree = "<group>"; };
		79046432198E418000FF6C22 /* DZAudioPlayer.mm */ = {isa = PBXFileReference; fileEncoding = 4; lastKnownFileType = sourcecode.cpp.objcpp; lineEnding = 0; path = DZAudioPlayer.mm; sourceTree = "<group>"; xcLanguageSpecificationIdentifier = xcode.lang.objcpp; };
		7918083319B546A00059B5B8 /* DZDownloadList.h */ = {isa = PBXFileReference; fileEncoding = 4; lastKnownFileType = sourcecode.c.h; path = DZDownloadList.h; sourceTree = "<group>"; };
		7918083419B546A00059B5B8 /* DZDownloadList.m */ = {isa = PBXFileReference; fileEncoding = 4; lastKnownFileType = sourcecode.c.objc; path = DZDownloadList.m; sourceTree = "<group>"; };
		7918083619B5526A0059B5B8 /* DZDownloadButton.h */ = {isa = PBXFileReference; fileEncoding = 4; lastKnownFileType = sourcecode.c.h; path = DZDownloadButton.h; sourceTree = "<group>"; };
		7918083719B5526A0059B5B8 /* DZDownloadButton.m */ = {isa = PBXFileReference; fileEncoding = 4; lastKnownFileType = sourcecode.c.objc; path = DZDownloadButton.m; sourceTree = "<group>"; };
		7918083B19B553750059B5B8 /* download-button.png */ = {isa = PBXFileReference; lastKnownFileType = image.png; path = "download-button.png"; sourceTree = "<group>"; };
		7918083C19B553750059B5B8 /* download-button@2x.png */ = {isa = PBXFileReference; lastKnownFileType = image.png; path = "download-button@2x.png"; sourceTree = "<group>"; };
		7918083D19B553750059B5B8 /* pause-download.png */ = {isa = PBXFileReference; lastKnownFileType = image.png; path = "pause-download.png"; sourceTree = "<group>"; };
		7918083E19B553750059B5B8 /* pause-download@2x.png */ = {isa = PBXFileReference; lastKnownFileType = image.png; path = "pause-download@2x.png"; sourceTree = "<group>"; };
		7921C378198A68AA00A6B408 /* DZCache.h */ = {isa = PBXFileReference; fileEncoding = 4; lastKnownFileType = sourcecode.c.h; path = DZCache.h; sourceTree = "<group>"; };
		7921C379198A68AA00A6B408 /* DZCache.m */ = {isa = PBXFileReference; fileEncoding = 4; lastKnownFileType = sourcecode.c.objc; path = DZCache.m; sourceTree = "<group>"; };
		7932AD49198A1B5000151759 /* mypodcast.app */ = {isa = PBXFileReference; explicitFileType = wrapper.application; includeInIndex = 0; path = mypodcast.app; sourceTree = BUILT_PRODUCTS_DIR; };
		7932AD4C198A1B5000151759 /* Foundation.framework */ = {isa = PBXFileReference; lastKnownFileType = wrapper.framework; name = Foundation.framework; path = System/Library/Frameworks/Foundation.framework; sourceTree = SDKROOT; };
		7932AD4E198A1B5000151759 /* CoreGraphics.framework */ = {isa = PBXFileReference; lastKnownFileType = wrapper.framework; name = CoreGraphics.framework; path = System/Library/Frameworks/CoreGraphics.framework; sourceTree = SDKROOT; };
		7932AD50198A1B5000151759 /* UIKit.framework */ = {isa = PBXFileReference; lastKnownFileType = wrapper.framework; name = UIKit.framework; path = System/Library/Frameworks/UIKit.framework; sourceTree = SDKROOT; };
		7932AD54198A1B5000151759 /* mypodcast-Info.plist */ = {isa = PBXFileReference; lastKnownFileType = text.plist.xml; path = "mypodcast-Info.plist"; sourceTree = "<group>"; };
		7932AD56198A1B5000151759 /* en */ = {isa = PBXFileReference; lastKnownFileType = text.plist.strings; name = en; path = en.lproj/InfoPlist.strings; sourceTree = "<group>"; };
		7932AD58198A1B5000151759 /* main.m */ = {isa = PBXFileReference; lastKnownFileType = sourcecode.c.objc; path = main.m; sourceTree = "<group>"; };
		7932AD5A198A1B5000151759 /* mypodcast-Prefix.pch */ = {isa = PBXFileReference; lastKnownFileType = sourcecode.c.h; path = "mypodcast-Prefix.pch"; sourceTree = "<group>"; };
		7932AD5B198A1B5000151759 /* DZAppDelegate.h */ = {isa = PBXFileReference; lastKnownFileType = sourcecode.c.h; path = DZAppDelegate.h; sourceTree = "<group>"; };
		7932AD5C198A1B5000151759 /* DZAppDelegate.m */ = {isa = PBXFileReference; lastKnownFileType = sourcecode.c.objc; path = DZAppDelegate.m; sourceTree = "<group>"; };
		7932AD5E198A1B5000151759 /* Images.xcassets */ = {isa = PBXFileReference; lastKnownFileType = folder.assetcatalog; path = Images.xcassets; sourceTree = "<group>"; };
		7932AD64198A1B5000151759 /* mypodcastTests.xctest */ = {isa = PBXFileReference; explicitFileType = wrapper.cfbundle; includeInIndex = 0; path = mypodcastTests.xctest; sourceTree = BUILT_PRODUCTS_DIR; };
		7932AD65198A1B5000151759 /* XCTest.framework */ = {isa = PBXFileReference; lastKnownFileType = wrapper.framework; name = XCTest.framework; path = Library/Frameworks/XCTest.framework; sourceTree = DEVELOPER_DIR; };
		7932AD6D198A1B5000151759 /* mypodcastTests-Info.plist */ = {isa = PBXFileReference; lastKnownFileType = text.plist.xml; path = "mypodcastTests-Info.plist"; sourceTree = "<group>"; };
		7932AD6F198A1B5000151759 /* en */ = {isa = PBXFileReference; lastKnownFileType = text.plist.strings; name = en; path = en.lproj/InfoPlist.strings; sourceTree = "<group>"; };
		7932AD71198A1B5000151759 /* mypodcastTests.m */ = {isa = PBXFileReference; lastKnownFileType = sourcecode.c.objc; path = mypodcastTests.m; sourceTree = "<group>"; };
		7932AD7B198A1B9D00151759 /* Storyboard.storyboard */ = {isa = PBXFileReference; fileEncoding = 4; lastKnownFileType = file.storyboard; path = Storyboard.storyboard; sourceTree = "<group>"; };
		7932AD80198A37C300151759 /* AudioToolbox.framework */ = {isa = PBXFileReference; lastKnownFileType = wrapper.framework; name = AudioToolbox.framework; path = System/Library/Frameworks/AudioToolbox.framework; sourceTree = SDKROOT; };
		7939208B19A0E5930097AC63 /* DZChannel.h */ = {isa = PBXFileReference; fileEncoding = 4; lastKnownFileType = sourcecode.c.h; path = DZChannel.h; sourceTree = "<group>"; };
		7939208C19A0E5930097AC63 /* DZChannel.m */ = {isa = PBXFileReference; fileEncoding = 4; lastKnownFileType = sourcecode.c.objc; path = DZChannel.m; sourceTree = "<group>"; };
		7939208F19A0E5930097AC63 /* DZItem.h */ = {isa = PBXFileReference; fileEncoding = 4; lastKnownFileType = sourcecode.c.h; path = DZItem.h; sourceTree = "<group>"; };
		7939209019A0E5930097AC63 /* DZItem.m */ = {isa = PBXFileReference; fileEncoding = 4; lastKnownFileType = sourcecode.c.objc; path = DZItem.m; sourceTree = "<group>"; };
		7939A221199DE38A00EF6339 /* Model.xcdatamodel */ = {isa = PBXFileReference; lastKnownFileType = wrapper.xcdatamodel; path = Model.xcdatamodel; sourceTree = "<group>"; };
		7939A232199DE99500EF6339 /* DZDatabase.h */ = {isa = PBXFileReference; fileEncoding = 4; lastKnownFileType = sourcecode.c.h; path = DZDatabase.h; sourceTree = "<group>"; };
		7939A233199DE99500EF6339 /* DZDatabase.m */ = {isa = PBXFileReference; fileEncoding = 4; lastKnownFileType = sourcecode.c.objc; path = DZDatabase.m; sourceTree = "<group>"; };
		7939A280199E05BC00EF6339 /* CoreData.framework */ = {isa = PBXFileReference; lastKnownFileType = wrapper.framework; name = CoreData.framework; path = System/Library/Frameworks/CoreData.framework; sourceTree = SDKROOT; };
		7939A282199E367200EF6339 /* DZFeedParser.h */ = {isa = PBXFileReference; fileEncoding = 4; lastKnownFileType = sourcecode.c.h; path = DZFeedParser.h; sourceTree = "<group>"; };
		7939A283199E367200EF6339 /* DZFeedParser.m */ = {isa = PBXFileReference; fileEncoding = 4; lastKnownFileType = sourcecode.c.objc; path = DZFeedParser.m; sourceTree = "<group>"; };
		7953678919BBCBAC00CE997A /* NSMutableArray+SWUtilityButtons.h */ = {isa = PBXFileReference; fileEncoding = 4; lastKnownFileType = sourcecode.c.h; path = "NSMutableArray+SWUtilityButtons.h"; sourceTree = "<group>"; };
		7953678A19BBCBAC00CE997A /* NSMutableArray+SWUtilityButtons.m */ = {isa = PBXFileReference; fileEncoding = 4; lastKnownFileType = sourcecode.c.objc; path = "NSMutableArray+SWUtilityButtons.m"; sourceTree = "<group>"; };
		7953678B19BBCBAC00CE997A /* SWCellScrollView.h */ = {isa = PBXFileReference; fileEncoding = 4; lastKnownFileType = sourcecode.c.h; path = SWCellScrollView.h; sourceTree = "<group>"; };
		7953678C19BBCBAC00CE997A /* SWCellScrollView.m */ = {isa = PBXFileReference; fileEncoding = 4; lastKnownFileType = sourcecode.c.objc; path = SWCellScrollView.m; sourceTree = "<group>"; };
		7953678D19BBCBAC00CE997A /* SWLongPressGestureRecognizer.h */ = {isa = PBXFileReference; fileEncoding = 4; lastKnownFileType = sourcecode.c.h; path = SWLongPressGestureRecognizer.h; sourceTree = "<group>"; };
		7953678E19BBCBAC00CE997A /* SWLongPressGestureRecognizer.m */ = {isa = PBXFileReference; fileEncoding = 4; lastKnownFileType = sourcecode.c.objc; path = SWLongPressGestureRecognizer.m; sourceTree = "<group>"; };
		7953678F19BBCBAC00CE997A /* SWTableViewCell.h */ = {isa = PBXFileReference; fileEncoding = 4; lastKnownFileType = sourcecode.c.h; path = SWTableViewCell.h; sourceTree = "<group>"; };
		7953679019BBCBAC00CE997A /* SWTableViewCell.m */ = {isa = PBXFileReference; fileEncoding = 4; lastKnownFileType = sourcecode.c.objc; path = SWTableViewCell.m; sourceTree = "<group>"; };
		7953679119BBCBAC00CE997A /* SWUtilityButtonTapGestureRecognizer.h */ = {isa = PBXFileReference; fileEncoding = 4; lastKnownFileType = sourcecode.c.h; path = SWUtilityButtonTapGestureRecognizer.h; sourceTree = "<group>"; };
		7953679219BBCBAC00CE997A /* SWUtilityButtonTapGestureRecognizer.m */ = {isa = PBXFileReference; fileEncoding = 4; lastKnownFileType = sourcecode.c.objc; path = SWUtilityButtonTapGestureRecognizer.m; sourceTree = "<group>"; };
		7953679319BBCBAC00CE997A /* SWUtilityButtonView.h */ = {isa = PBXFileReference; fileEncoding = 4; lastKnownFileType = sourcecode.c.h; path = SWUtilityButtonView.h; sourceTree = "<group>"; };
		7953679419BBCBAC00CE997A /* SWUtilityButtonView.m */ = {isa = PBXFileReference; fileEncoding = 4; lastKnownFileType = sourcecode.c.objc; path = SWUtilityButtonView.m; sourceTree = "<group>"; };
		795539EF19971C0200D103D0 /* pause-button.png */ = {isa = PBXFileReference; lastKnownFileType = image.png; path = "pause-button.png"; sourceTree = "<group>"; };
		795539F019971C0200D103D0 /* pause-button@2x.png */ = {isa = PBXFileReference; lastKnownFileType = image.png; path = "pause-button@2x.png"; sourceTree = "<group>"; };
		795539F119971C0200D103D0 /* play-button.png */ = {isa = PBXFileReference; lastKnownFileType = image.png; path = "play-button.png"; sourceTree = "<group>"; };
		795539F219971C0200D103D0 /* play-button@2x.png */ = {isa = PBXFileReference; lastKnownFileType = image.png; path = "play-button@2x.png"; sourceTree = "<group>"; };
		795AB51D198B522B00A083CD /* SystemConfiguration.framework */ = {isa = PBXFileReference; lastKnownFileType = wrapper.framework; name = SystemConfiguration.framework; path = System/Library/Frameworks/SystemConfiguration.framework; sourceTree = SDKROOT; };
		795F8A6C19978C0E00270D51 /* slide-thumb@2x.png */ = {isa = PBXFileReference; lastKnownFileType = image.png; path = "slide-thumb@2x.png"; sourceTree = "<group>"; };
		796201D219A209FD005E0288 /* DZEventCenter.h */ = {isa = PBXFileReference; fileEncoding = 4; lastKnownFileType = sourcecode.c.h; lineEnding = 0; path = DZEventCenter.h; sourceTree = "<group>"; xcLanguageSpecificationIdentifier = xcode.lang.objcpp; };
		796201D319A209FD005E0288 /* DZEventCenter.m */ = {isa = PBXFileReference; fileEncoding = 4; lastKnownFileType = sourcecode.c.objc; path = DZEventCenter.m; sourceTree = "<group>"; };
		79828FB719B2C89B0086C669 /* NSString+DZFormatter.h */ = {isa = PBXFileReference; fileEncoding = 4; lastKnownFileType = sourcecode.c.h; path = "NSString+DZFormatter.h"; sourceTree = "<group>"; };
		79828FB819B2C89B0086C669 /* NSString+DZFormatter.m */ = {isa = PBXFileReference; fileEncoding = 4; lastKnownFileType = sourcecode.c.objc; path = "NSString+DZFormatter.m"; sourceTree = "<group>"; };
		798CAF5E1994F5C000172D13 /* DZFileStream.h */ = {isa = PBXFileReference; fileEncoding = 4; lastKnownFileType = sourcecode.c.h; path = DZFileStream.h; sourceTree = "<group>"; };
		798CAF5F1994F5C000172D13 /* DZFileStream.m */ = {isa = PBXFileReference; fileEncoding = 4; lastKnownFileType = sourcecode.c.objc; path = DZFileStream.m; sourceTree = "<group>"; };
		79A2E4D619B2015000FAD4D8 /* DZFeedViewController.h */ = {isa = PBXFileReference; fileEncoding = 4; lastKnownFileType = sourcecode.c.h; path = DZFeedViewController.h; sourceTree = "<group>"; };
		79A2E4D719B2015000FAD4D8 /* DZFeedViewController.m */ = {isa = PBXFileReference; fileEncoding = 4; lastKnownFileType = sourcecode.c.objc; path = DZFeedViewController.m; sourceTree = "<group>"; };
		79A2E4D819B2015000FAD4D8 /* DZPlayViewController.h */ = {isa = PBXFileReference; fileEncoding = 4; lastKnownFileType = sourcecode.c.h; path = DZPlayViewController.h; sourceTree = "<group>"; };
		79A2E4D919B2015000FAD4D8 /* DZPlayViewController.m */ = {isa = PBXFileReference; fileEncoding = 4; lastKnownFileType = sourcecode.c.objc; path = DZPlayViewController.m; sourceTree = "<group>"; };
		79A2E4DE19B2015A00FAD4D8 /* DZFeedHeaderCell.h */ = {isa = PBXFileReference; fileEncoding = 4; lastKnownFileType = sourcecode.c.h; path = DZFeedHeaderCell.h; sourceTree = "<group>"; };
		79A2E4DF19B2015A00FAD4D8 /* DZFeedHeaderCell.m */ = {isa = PBXFileReference; fileEncoding = 4; lastKnownFileType = sourcecode.c.objc; path = DZFeedHeaderCell.m; sourceTree = "<group>"; };
		79A2E4E019B2015A00FAD4D8 /* DZFeedItemCell.h */ = {isa = PBXFileReference; fileEncoding = 4; lastKnownFileType = sourcecode.c.h; path = DZFeedItemCell.h; sourceTree = "<group>"; };
		79A2E4E119B2015A00FAD4D8 /* DZFeedItemCell.m */ = {isa = PBXFileReference; fileEncoding = 4; lastKnownFileType = sourcecode.c.objc; path = DZFeedItemCell.m; sourceTree = "<group>"; };
		79A2E4E219B2015A00FAD4D8 /* DZSlider.h */ = {isa = PBXFileReference; fileEncoding = 4; lastKnownFileType = sourcecode.c.h; path = DZSlider.h; sourceTree = "<group>"; };
		79A2E4E319B2015A00FAD4D8 /* DZSlider.m */ = {isa = PBXFileReference; fileEncoding = 4; lastKnownFileType = sourcecode.c.objc; path = DZSlider.m; sourceTree = "<group>"; };
		79A2E4E919B202D300FAD4D8 /* UIImage+DZImagePool.h */ = {isa = PBXFileReference; fileEncoding = 4; lastKnownFileType = sourcecode.c.h; path = "UIImage+DZImagePool.h"; sourceTree = "<group>"; };
		79A2E4EA19B202D300FAD4D8 /* UIImage+DZImagePool.m */ = {isa = PBXFileReference; fileEncoding = 4; lastKnownFileType = sourcecode.c.objc; path = "UIImage+DZImagePool.m"; sourceTree = "<group>"; };
		79B9719719BC567000E327AE /* DZItem+DZItemOperation.h */ = {isa = PBXFileReference; fileEncoding = 4; lastKnownFileType = sourcecode.c.h; path = "DZItem+DZItemOperation.h"; sourceTree = "<group>"; };
		79B9719819BC567000E327AE /* DZItem+DZItemOperation.m */ = {isa = PBXFileReference; fileEncoding = 4; lastKnownFileType = sourcecode.c.objc; path = "DZItem+DZItemOperation.m"; sourceTree = "<group>"; };
		79E4F32219B6ADAC000444BA /* UIButton+DZImagePool.h */ = {isa = PBXFileReference; fileEncoding = 4; lastKnownFileType = sourcecode.c.h; path = "UIButton+DZImagePool.h"; sourceTree = "<group>"; };
		79E4F32319B6ADAC000444BA /* UIButton+DZImagePool.m */ = {isa = PBXFileReference; fileEncoding = 4; lastKnownFileType = sourcecode.c.objc; path = "UIButton+DZImagePool.m"; sourceTree = "<group>"; };
		79E4F32519B71D50000444BA /* DZPlayList.h */ = {isa = PBXFileReference; fileEncoding = 4; lastKnownFileType = sourcecode.c.h; path = DZPlayList.h; sourceTree = "<group>"; };
		79E4F32619B71D50000444BA /* DZPlayList.m */ = {isa = PBXFileReference; fileEncoding = 4; lastKnownFileType = sourcecode.c.objc; lineEnding = 0; path = DZPlayList.m; sourceTree = "<group>"; xcLanguageSpecificationIdentifier = xcode.lang.objc; };
		79FC98CD19932E0400FBC8DB /* slide-thumb.png */ = {isa = PBXFileReference; lastKnownFileType = image.png; path = "slide-thumb.png"; sourceTree = "<group>"; };
		79FD281119B212A300359414 /* play-bullet.png */ = {isa = PBXFileReference; lastKnownFileType = image.png; path = "play-bullet.png"; sourceTree = "<group>"; };
		79FD281219B212A300359414 /* play-bullet@2x.png */ = {isa = PBXFileReference; lastKnownFileType = image.png; path = "play-bullet@2x.png"; sourceTree = "<group>"; };
		79FD281519B2130B00359414 /* half-bullet.png */ = {isa = PBXFileReference; lastKnownFileType = image.png; path = "half-bullet.png"; sourceTree = "<group>"; };
		79FD281619B2130B00359414 /* half-bullet@2x.png */ = {isa = PBXFileReference; lastKnownFileType = image.png; path = "half-bullet@2x.png"; sourceTree = "<group>"; };
		79FD281719B2130B00359414 /* new-bullet.png */ = {isa = PBXFileReference; lastKnownFileType = image.png; path = "new-bullet.png"; sourceTree = "<group>"; };
		79FD281819B2130B00359414 /* new-bullet@2x.png */ = {isa = PBXFileReference; lastKnownFileType = image.png; path = "new-bullet@2x.png"; sourceTree = "<group>"; };
/* End PBXFileReference section */

/* Begin PBXFrameworksBuildPhase section */
		7932AD46198A1B5000151759 /* Frameworks */ = {
			isa = PBXFrameworksBuildPhase;
			buildActionMask = 2147483647;
			files = (
				7939A281199E05BC00EF6339 /* CoreData.framework in Frameworks */,
				7978CB32198F63B00032AD4C /* AVFoundation.framework in Frameworks */,
				79046421198CABFC00FF6C22 /* AudioToolbox.framework in Frameworks */,
				795AB51E198B522B00A083CD /* SystemConfiguration.framework in Frameworks */,
				7932AD4F198A1B5000151759 /* CoreGraphics.framework in Frameworks */,
				7932AD51198A1B5000151759 /* UIKit.framework in Frameworks */,
				7932AD4D198A1B5000151759 /* Foundation.framework in Frameworks */,
			);
			runOnlyForDeploymentPostprocessing = 0;
		};
		7932AD61198A1B5000151759 /* Frameworks */ = {
			isa = PBXFrameworksBuildPhase;
			buildActionMask = 2147483647;
			files = (
				7932AD66198A1B5000151759 /* XCTest.framework in Frameworks */,
				7932AD68198A1B5000151759 /* UIKit.framework in Frameworks */,
				7932AD67198A1B5000151759 /* Foundation.framework in Frameworks */,
			);
			runOnlyForDeploymentPostprocessing = 0;
		};
/* End PBXFrameworksBuildPhase section */

/* Begin PBXGroup section */
		7932AD40198A1B5000151759 = {
			isa = PBXGroup;
			children = (
				7932AD52198A1B5000151759 /* mypodcast */,
				7932AD6B198A1B5000151759 /* mypodcastTests */,
				7932AD4B198A1B5000151759 /* Frameworks */,
				7932AD4A198A1B5000151759 /* Products */,
			);
			sourceTree = "<group>";
		};
		7932AD4A198A1B5000151759 /* Products */ = {
			isa = PBXGroup;
			children = (
				7932AD49198A1B5000151759 /* mypodcast.app */,
				7932AD64198A1B5000151759 /* mypodcastTests.xctest */,
			);
			name = Products;
			sourceTree = "<group>";
		};
		7932AD4B198A1B5000151759 /* Frameworks */ = {
			isa = PBXGroup;
			children = (
				7939A280199E05BC00EF6339 /* CoreData.framework */,
				7904641C198CA84100FF6C22 /* AVFoundation.framework */,
				795AB51D198B522B00A083CD /* SystemConfiguration.framework */,
				7932AD80198A37C300151759 /* AudioToolbox.framework */,
				7932AD4C198A1B5000151759 /* Foundation.framework */,
				7932AD4E198A1B5000151759 /* CoreGraphics.framework */,
				7932AD50198A1B5000151759 /* UIKit.framework */,
				7932AD65198A1B5000151759 /* XCTest.framework */,
			);
			name = Frameworks;
			sourceTree = "<group>";
		};
		7932AD52198A1B5000151759 /* mypodcast */ = {
			isa = PBXGroup;
			children = (
				7953678819BBCAFA00CE997A /* SWTableViewCell */,
				79828FB619B2C85B0086C669 /* utility */,
				79A2E4D519B200E600FAD4D8 /* view controllers */,
				79A2E4D419B1FFDD00FAD4D8 /* gui */,
				7939A223199DE89100EF6339 /* coredata */,
				79FC98B91993162B00FBC8DB /* images */,
				7932AD5B198A1B5000151759 /* DZAppDelegate.h */,
				7932AD5C198A1B5000151759 /* DZAppDelegate.m */,
				7932AD5E198A1B5000151759 /* Images.xcassets */,
				7932AD53198A1B5000151759 /* Supporting Files */,
				7932AD7B198A1B9D00151759 /* Storyboard.storyboard */,
				7939A220199DE38A00EF6339 /* Model.xcdatamodeld */,
				7921C378198A68AA00A6B408 /* DZCache.h */,
				7921C379198A68AA00A6B408 /* DZCache.m */,
				7904642E198E263600FF6C22 /* DZAudioQueuePlayer.cpp */,
				7904642F198E263600FF6C22 /* DZAudioQueuePlayer.h */,
				79046431198E418000FF6C22 /* DZAudioPlayer.h */,
				79046432198E418000FF6C22 /* DZAudioPlayer.mm */,
				798CAF5E1994F5C000172D13 /* DZFileStream.h */,
				798CAF5F1994F5C000172D13 /* DZFileStream.m */,
				7918083319B546A00059B5B8 /* DZDownloadList.h */,
				7918083419B546A00059B5B8 /* DZDownloadList.m */,
				79E4F32519B71D50000444BA /* DZPlayList.h */,
				79E4F32619B71D50000444BA /* DZPlayList.m */,
			);
			path = mypodcast;
			sourceTree = "<group>";
		};
		7932AD53198A1B5000151759 /* Supporting Files */ = {
			isa = PBXGroup;
			children = (
				7932AD54198A1B5000151759 /* mypodcast-Info.plist */,
				7932AD55198A1B5000151759 /* InfoPlist.strings */,
				7932AD58198A1B5000151759 /* main.m */,
				7932AD5A198A1B5000151759 /* mypodcast-Prefix.pch */,
			);
			name = "Supporting Files";
			sourceTree = "<group>";
		};
		7932AD6B198A1B5000151759 /* mypodcastTests */ = {
			isa = PBXGroup;
			children = (
				7932AD71198A1B5000151759 /* mypodcastTests.m */,
				7932AD6C198A1B5000151759 /* Supporting Files */,
			);
			path = mypodcastTests;
			sourceTree = "<group>";
		};
		7932AD6C198A1B5000151759 /* Supporting Files */ = {
			isa = PBXGroup;
			children = (
				7932AD6D198A1B5000151759 /* mypodcastTests-Info.plist */,
				7932AD6E198A1B5000151759 /* InfoPlist.strings */,
			);
			name = "Supporting Files";
			sourceTree = "<group>";
		};
		7939A223199DE89100EF6339 /* coredata */ = {
			isa = PBXGroup;
			children = (
				7939208B19A0E5930097AC63 /* DZChannel.h */,
				7939208C19A0E5930097AC63 /* DZChannel.m */,
				7939A232199DE99500EF6339 /* DZDatabase.h */,
				7939A233199DE99500EF6339 /* DZDatabase.m */,
				7939A282199E367200EF6339 /* DZFeedParser.h */,
				7939A283199E367200EF6339 /* DZFeedParser.m */,
				7939208F19A0E5930097AC63 /* DZItem.h */,
				7939209019A0E5930097AC63 /* DZItem.m */,
				79B9719719BC567000E327AE /* DZItem+DZItemOperation.h */,
				79B9719819BC567000E327AE /* DZItem+DZItemOperation.m */,
			);
			path = coredata;
			sourceTree = "<group>";
		};
		7953678819BBCAFA00CE997A /* SWTableViewCell */ = {
			isa = PBXGroup;
			children = (
				7953678919BBCBAC00CE997A /* NSMutableArray+SWUtilityButtons.h */,
				7953678A19BBCBAC00CE997A /* NSMutableArray+SWUtilityButtons.m */,
				7953678B19BBCBAC00CE997A /* SWCellScrollView.h */,
				7953678C19BBCBAC00CE997A /* SWCellScrollView.m */,
				7953678D19BBCBAC00CE997A /* SWLongPressGestureRecognizer.h */,
				7953678E19BBCBAC00CE997A /* SWLongPressGestureRecognizer.m */,
				7953678F19BBCBAC00CE997A /* SWTableViewCell.h */,
				7953679019BBCBAC00CE997A /* SWTableViewCell.m */,
				7953679119BBCBAC00CE997A /* SWUtilityButtonTapGestureRecognizer.h */,
				7953679219BBCBAC00CE997A /* SWUtilityButtonTapGestureRecognizer.m */,
				7953679319BBCBAC00CE997A /* SWUtilityButtonView.h */,
				7953679419BBCBAC00CE997A /* SWUtilityButtonView.m */,
			);
			path = SWTableViewCell;
			sourceTree = "<group>";
		};
		79828FB619B2C85B0086C669 /* utility */ = {
			isa = PBXGroup;
			children = (
				796201D219A209FD005E0288 /* DZEventCenter.h */,
				796201D319A209FD005E0288 /* DZEventCenter.m */,
				79828FB719B2C89B0086C669 /* NSString+DZFormatter.h */,
				79828FB819B2C89B0086C669 /* NSString+DZFormatter.m */,
			);
			path = utility;
			sourceTree = "<group>";
		};
		79A2E4D419B1FFDD00FAD4D8 /* gui */ = {
			isa = PBXGroup;
			children = (
				7918083619B5526A0059B5B8 /* DZDownloadButton.h */,
				7918083719B5526A0059B5B8 /* DZDownloadButton.m */,
				79A2E4DE19B2015A00FAD4D8 /* DZFeedHeaderCell.h */,
				79A2E4DF19B2015A00FAD4D8 /* DZFeedHeaderCell.m */,
				79A2E4E019B2015A00FAD4D8 /* DZFeedItemCell.h */,
				79A2E4E119B2015A00FAD4D8 /* DZFeedItemCell.m */,
				79A2E4E219B2015A00FAD4D8 /* DZSlider.h */,
				79A2E4E319B2015A00FAD4D8 /* DZSlider.m */,
				79E4F32219B6ADAC000444BA /* UIButton+DZImagePool.h */,
				79E4F32319B6ADAC000444BA /* UIButton+DZImagePool.m */,
				79A2E4E919B202D300FAD4D8 /* UIImage+DZImagePool.h */,
				79A2E4EA19B202D300FAD4D8 /* UIImage+DZImagePool.m */,
			);
			path = gui;
			sourceTree = "<group>";
		};
		79A2E4D519B200E600FAD4D8 /* view controllers */ = {
			isa = PBXGroup;
			children = (
				79A2E4D619B2015000FAD4D8 /* DZFeedViewController.h */,
				79A2E4D719B2015000FAD4D8 /* DZFeedViewController.m */,
				79A2E4D819B2015000FAD4D8 /* DZPlayViewController.h */,
				79A2E4D919B2015000FAD4D8 /* DZPlayViewController.m */,
			);
			path = "view controllers";
			sourceTree = "<group>";
		};
		79FC98B91993162B00FBC8DB /* images */ = {
			isa = PBXGroup;
			children = (
				7918083B19B553750059B5B8 /* download-button.png */,
				7918083C19B553750059B5B8 /* download-button@2x.png */,
				7918083D19B553750059B5B8 /* pause-download.png */,
				7918083E19B553750059B5B8 /* pause-download@2x.png */,
				79FD281519B2130B00359414 /* half-bullet.png */,
				79FD281619B2130B00359414 /* half-bullet@2x.png */,
				79FD281719B2130B00359414 /* new-bullet.png */,
				79FD281819B2130B00359414 /* new-bullet@2x.png */,
				79FD281119B212A300359414 /* play-bullet.png */,
				79FD281219B212A300359414 /* play-bullet@2x.png */,
				795F8A6C19978C0E00270D51 /* slide-thumb@2x.png */,
				795539EF19971C0200D103D0 /* pause-button.png */,
				795539F019971C0200D103D0 /* pause-button@2x.png */,
				795539F119971C0200D103D0 /* play-button.png */,
				795539F219971C0200D103D0 /* play-button@2x.png */,
				79FC98CD19932E0400FBC8DB /* slide-thumb.png */,
			);
			path = images;
			sourceTree = "<group>";
		};
/* End PBXGroup section */

/* Begin PBXNativeTarget section */
		7932AD48198A1B5000151759 /* mypodcast */ = {
			isa = PBXNativeTarget;
			buildConfigurationList = 7932AD75198A1B5000151759 /* Build configuration list for PBXNativeTarget "mypodcast" */;
			buildPhases = (
				7932AD45198A1B5000151759 /* Sources */,
				7932AD46198A1B5000151759 /* Frameworks */,
				7932AD47198A1B5000151759 /* Resources */,
			);
			buildRules = (
			);
			dependencies = (
			);
			name = mypodcast;
			productName = mypodcast;
			productReference = 7932AD49198A1B5000151759 /* mypodcast.app */;
			productType = "com.apple.product-type.application";
		};
		7932AD63198A1B5000151759 /* mypodcastTests */ = {
			isa = PBXNativeTarget;
			buildConfigurationList = 7932AD78198A1B5000151759 /* Build configuration list for PBXNativeTarget "mypodcastTests" */;
			buildPhases = (
				7932AD60198A1B5000151759 /* Sources */,
				7932AD61198A1B5000151759 /* Frameworks */,
				7932AD62198A1B5000151759 /* Resources */,
			);
			buildRules = (
			);
			dependencies = (
				7932AD6A198A1B5000151759 /* PBXTargetDependency */,
			);
			name = mypodcastTests;
			productName = mypodcastTests;
			productReference = 7932AD64198A1B5000151759 /* mypodcastTests.xctest */;
			productType = "com.apple.product-type.bundle.unit-test";
		};
/* End PBXNativeTarget section */

/* Begin PBXProject section */
		7932AD41198A1B5000151759 /* Project object */ = {
			isa = PBXProject;
			attributes = {
				CLASSPREFIX = DZ;
				LastUpgradeCheck = 0510;
				ORGANIZATIONNAME = "Richard Dong";
				TargetAttributes = {
					7932AD48198A1B5000151759 = {
						SystemCapabilities = {
							com.apple.BackgroundModes = {
								enabled = 1;
							};
						};
					};
					7932AD63198A1B5000151759 = {
						TestTargetID = 7932AD48198A1B5000151759;
					};
				};
			};
			buildConfigurationList = 7932AD44198A1B5000151759 /* Build configuration list for PBXProject "mypodcast" */;
			compatibilityVersion = "Xcode 3.2";
			developmentRegion = English;
			hasScannedForEncodings = 0;
			knownRegions = (
				en,
			);
			mainGroup = 7932AD40198A1B5000151759;
			productRefGroup = 7932AD4A198A1B5000151759 /* Products */;
			projectDirPath = "";
			projectRoot = "";
			targets = (
				7932AD48198A1B5000151759 /* mypodcast */,
				7932AD63198A1B5000151759 /* mypodcastTests */,
			);
		};
/* End PBXProject section */

/* Begin PBXResourcesBuildPhase section */
		7932AD47198A1B5000151759 /* Resources */ = {
			isa = PBXResourcesBuildPhase;
			buildActionMask = 2147483647;
			files = (
				7918084419B553750059B5B8 /* pause-download@2x.png in Resources */,
				7918084319B553750059B5B8 /* pause-download.png in Resources */,
				795539F319971C0200D103D0 /* pause-button.png in Resources */,
				79FC98CE19932E0400FBC8DB /* slide-thumb.png in Resources */,
				7932AD57198A1B5000151759 /* InfoPlist.strings in Resources */,
				795F8A6D19978C0E00270D51 /* slide-thumb@2x.png in Resources */,
				795539F519971C0200D103D0 /* play-button.png in Resources */,
				795539F419971C0200D103D0 /* pause-button@2x.png in Resources */,
				7918084219B553750059B5B8 /* download-button@2x.png in Resources */,
				7918084119B553750059B5B8 /* download-button.png in Resources */,
				79FD281919B2130B00359414 /* half-bullet.png in Resources */,
				79FD281C19B2130B00359414 /* new-bullet@2x.png in Resources */,
				79FD281A19B2130B00359414 /* half-bullet@2x.png in Resources */,
				7932AD5F198A1B5000151759 /* Images.xcassets in Resources */,
				79FD281319B212A300359414 /* play-bullet.png in Resources */,
				795539F619971C0200D103D0 /* play-button@2x.png in Resources */,
				7932AD7C198A1B9D00151759 /* Storyboard.storyboard in Resources */,
				79FD281B19B2130B00359414 /* new-bullet.png in Resources */,
				79FD281419B212A300359414 /* play-bullet@2x.png in Resources */,
			);
			runOnlyForDeploymentPostprocessing = 0;
		};
		7932AD62198A1B5000151759 /* Resources */ = {
			isa = PBXResourcesBuildPhase;
			buildActionMask = 2147483647;
			files = (
				7932AD70198A1B5000151759 /* InfoPlist.strings in Resources */,
			);
			runOnlyForDeploymentPostprocessing = 0;
		};
/* End PBXResourcesBuildPhase section */

/* Begin PBXSourcesBuildPhase section */
		7932AD45198A1B5000151759 /* Sources */ = {
			isa = PBXSourcesBuildPhase;
			buildActionMask = 2147483647;
			files = (
				7939209119A0E5930097AC63 /* DZItem.m in Sources */,
				798CAF601994F5C000172D13 /* DZFileStream.m in Sources */,
				7953679819BBCBAC00CE997A /* SWTableViewCell.m in Sources */,
				7953679519BBCBAC00CE997A /* NSMutableArray+SWUtilityButtons.m in Sources */,
				7953679719BBCBAC00CE997A /* SWLongPressGestureRecognizer.m in Sources */,
				79A2E4E719B2015A00FAD4D8 /* DZSlider.m in Sources */,
				7918083819B5526A0059B5B8 /* DZDownloadButton.m in Sources */,
				7953679A19BBCBAC00CE997A /* SWUtilityButtonView.m in Sources */,
				7939A284199E367200EF6339 /* DZFeedParser.m in Sources */,
				7932AD5D198A1B5000151759 /* DZAppDelegate.m in Sources */,
				7918083519B546A00059B5B8 /* DZDownloadList.m in Sources */,
				79E4F32419B6ADAC000444BA /* UIButton+DZImagePool.m in Sources */,
				79046430198E263600FF6C22 /* DZAudioQueuePlayer.cpp in Sources */,
				79A2E4EB19B202D300FAD4D8 /* UIImage+DZImagePool.m in Sources */,
				7921C37A198A68AA00A6B408 /* DZCache.m in Sources */,
				79A2E4E619B2015A00FAD4D8 /* DZFeedItemCell.m in Sources */,
				79A2E4DB19B2015000FAD4D8 /* DZPlayViewController.m in Sources */,
				79A2E4E519B2015A00FAD4D8 /* DZFeedHeaderCell.m in Sources */,
				7939A222199DE38A00EF6339 /* Model.xcdatamodeld in Sources */,
				7932AD59198A1B5000151759 /* main.m in Sources */,
				79A2E4DA19B2015000FAD4D8 /* DZFeedViewController.m in Sources */,
				7939208D19A0E5930097AC63 /* DZChannel.m in Sources */,
				796201D419A209FD005E0288 /* DZEventCenter.m in Sources */,
				7953679919BBCBAC00CE997A /* SWUtilityButtonTapGestureRecognizer.m in Sources */,
				79046433198E418000FF6C22 /* DZAudioPlayer.mm in Sources */,
				79B9719919BC567000E327AE /* DZItem+DZItemOperation.m in Sources */,
				79828FB919B2C89B0086C669 /* NSString+DZFormatter.m in Sources */,
				7953679619BBCBAC00CE997A /* SWCellScrollView.m in Sources */,
				7939A234199DE99500EF6339 /* DZDatabase.m in Sources */,
				79E4F32719B71D50000444BA /* DZPlayList.m in Sources */,
			);
			runOnlyForDeploymentPostprocessing = 0;
		};
		7932AD60198A1B5000151759 /* Sources */ = {
			isa = PBXSourcesBuildPhase;
			buildActionMask = 2147483647;
			files = (
				7939209219A0E5930097AC63 /* DZItem.m in Sources */,
				7939208E19A0E5930097AC63 /* DZChannel.m in Sources */,
				7932AD72198A1B5000151759 /* mypodcastTests.m in Sources */,
				796201D519A209FD005E0288 /* DZEventCenter.m in Sources */,
				7939A235199DE99500EF6339 /* DZDatabase.m in Sources */,
			);
			runOnlyForDeploymentPostprocessing = 0;
		};
/* End PBXSourcesBuildPhase section */

/* Begin PBXTargetDependency section */
		7932AD6A198A1B5000151759 /* PBXTargetDependency */ = {
			isa = PBXTargetDependency;
			target = 7932AD48198A1B5000151759 /* mypodcast */;
			targetProxy = 7932AD69198A1B5000151759 /* PBXContainerItemProxy */;
		};
/* End PBXTargetDependency section */

/* Begin PBXVariantGroup section */
		7932AD55198A1B5000151759 /* InfoPlist.strings */ = {
			isa = PBXVariantGroup;
			children = (
				7932AD56198A1B5000151759 /* en */,
			);
			name = InfoPlist.strings;
			sourceTree = "<group>";
		};
		7932AD6E198A1B5000151759 /* InfoPlist.strings */ = {
			isa = PBXVariantGroup;
			children = (
				7932AD6F198A1B5000151759 /* en */,
			);
			name = InfoPlist.strings;
			sourceTree = "<group>";
		};
/* End PBXVariantGroup section */

/* Begin XCBuildConfiguration section */
		7932AD73198A1B5000151759 /* Debug */ = {
			isa = XCBuildConfiguration;
			buildSettings = {
				ALWAYS_SEARCH_USER_PATHS = NO;
				CLANG_CXX_LANGUAGE_STANDARD = "gnu++0x";
				CLANG_CXX_LIBRARY = "libc++";
				CLANG_ENABLE_MODULES = YES;
				CLANG_ENABLE_OBJC_ARC = YES;
				CLANG_WARN_BOOL_CONVERSION = YES;
				CLANG_WARN_CONSTANT_CONVERSION = YES;
				CLANG_WARN_DIRECT_OBJC_ISA_USAGE = YES_ERROR;
				CLANG_WARN_EMPTY_BODY = YES;
				CLANG_WARN_ENUM_CONVERSION = YES;
				CLANG_WARN_INT_CONVERSION = YES;
				CLANG_WARN_OBJC_ROOT_CLASS = YES_ERROR;
				CLANG_WARN__DUPLICATE_METHOD_MATCH = YES;
				"CODE_SIGN_IDENTITY[sdk=iphoneos*]" = "iPhone Developer";
				COPY_PHASE_STRIP = NO;
				GCC_C_LANGUAGE_STANDARD = gnu99;
				GCC_DYNAMIC_NO_PIC = NO;
				GCC_OPTIMIZATION_LEVEL = 0;
				GCC_PREPROCESSOR_DEFINITIONS = (
					"DEBUG=1",
					"$(inherited)",
				);
				GCC_SYMBOLS_PRIVATE_EXTERN = NO;
				GCC_WARN_64_TO_32_BIT_CONVERSION = YES;
				GCC_WARN_ABOUT_RETURN_TYPE = YES_ERROR;
				GCC_WARN_UNDECLARED_SELECTOR = YES;
				GCC_WARN_UNINITIALIZED_AUTOS = YES_AGGRESSIVE;
				GCC_WARN_UNUSED_FUNCTION = YES;
				GCC_WARN_UNUSED_VARIABLE = YES;
				IPHONEOS_DEPLOYMENT_TARGET = 7.1;
				ONLY_ACTIVE_ARCH = YES;
				SDKROOT = iphoneos;
			};
			name = Debug;
		};
		7932AD74198A1B5000151759 /* Release */ = {
			isa = XCBuildConfiguration;
			buildSettings = {
				ALWAYS_SEARCH_USER_PATHS = NO;
				CLANG_CXX_LANGUAGE_STANDARD = "gnu++0x";
				CLANG_CXX_LIBRARY = "libc++";
				CLANG_ENABLE_MODULES = YES;
				CLANG_ENABLE_OBJC_ARC = YES;
				CLANG_WARN_BOOL_CONVERSION = YES;
				CLANG_WARN_CONSTANT_CONVERSION = YES;
				CLANG_WARN_DIRECT_OBJC_ISA_USAGE = YES_ERROR;
				CLANG_WARN_EMPTY_BODY = YES;
				CLANG_WARN_ENUM_CONVERSION = YES;
				CLANG_WARN_INT_CONVERSION = YES;
				CLANG_WARN_OBJC_ROOT_CLASS = YES_ERROR;
				CLANG_WARN__DUPLICATE_METHOD_MATCH = YES;
				"CODE_SIGN_IDENTITY[sdk=iphoneos*]" = "iPhone Developer";
				COPY_PHASE_STRIP = YES;
				ENABLE_NS_ASSERTIONS = NO;
				GCC_C_LANGUAGE_STANDARD = gnu99;
				GCC_WARN_64_TO_32_BIT_CONVERSION = YES;
				GCC_WARN_ABOUT_RETURN_TYPE = YES_ERROR;
				GCC_WARN_UNDECLARED_SELECTOR = YES;
				GCC_WARN_UNINITIALIZED_AUTOS = YES_AGGRESSIVE;
				GCC_WARN_UNUSED_FUNCTION = YES;
				GCC_WARN_UNUSED_VARIABLE = YES;
				IPHONEOS_DEPLOYMENT_TARGET = 7.1;
				SDKROOT = iphoneos;
				VALIDATE_PRODUCT = YES;
			};
			name = Release;
		};
		7932AD76198A1B5000151759 /* Debug */ = {
			isa = XCBuildConfiguration;
			buildSettings = {
				ASSETCATALOG_COMPILER_APPICON_NAME = AppIcon;
				ASSETCATALOG_COMPILER_LAUNCHIMAGE_NAME = LaunchImage;
				GCC_PRECOMPILE_PREFIX_HEADER = YES;
				GCC_PREFIX_HEADER = "mypodcast/mypodcast-Prefix.pch";
				INFOPLIST_FILE = "mypodcast/mypodcast-Info.plist";
				PRODUCT_NAME = "$(TARGET_NAME)";
				WRAPPER_EXTENSION = app;
			};
			name = Debug;
		};
		7932AD77198A1B5000151759 /* Release */ = {
			isa = XCBuildConfiguration;
			buildSettings = {
				ASSETCATALOG_COMPILER_APPICON_NAME = AppIcon;
				ASSETCATALOG_COMPILER_LAUNCHIMAGE_NAME = LaunchImage;
				GCC_PRECOMPILE_PREFIX_HEADER = YES;
				GCC_PREFIX_HEADER = "mypodcast/mypodcast-Prefix.pch";
				INFOPLIST_FILE = "mypodcast/mypodcast-Info.plist";
				PRODUCT_NAME = "$(TARGET_NAME)";
				WRAPPER_EXTENSION = app;
			};
			name = Release;
		};
		7932AD79198A1B5000151759 /* Debug */ = {
			isa = XCBuildConfiguration;
			buildSettings = {
				BUNDLE_LOADER = "$(BUILT_PRODUCTS_DIR)/mypodcast.app/mypodcast";
				FRAMEWORK_SEARCH_PATHS = (
					"$(SDKROOT)/Developer/Library/Frameworks",
					"$(inherited)",
					"$(DEVELOPER_FRAMEWORKS_DIR)",
				);
				GCC_PRECOMPILE_PREFIX_HEADER = YES;
				GCC_PREFIX_HEADER = "mypodcast/mypodcast-Prefix.pch";
				GCC_PREPROCESSOR_DEFINITIONS = (
					"DEBUG=1",
					"$(inherited)",
				);
				INFOPLIST_FILE = "mypodcastTests/mypodcastTests-Info.plist";
				PRODUCT_NAME = "$(TARGET_NAME)";
				TEST_HOST = "$(BUNDLE_LOADER)";
				WRAPPER_EXTENSION = xctest;
			};
			name = Debug;
		};
		7932AD7A198A1B5000151759 /* Release */ = {
			isa = XCBuildConfiguration;
			buildSettings = {
				BUNDLE_LOADER = "$(BUILT_PRODUCTS_DIR)/mypodcast.app/mypodcast";
				FRAMEWORK_SEARCH_PATHS = (
					"$(SDKROOT)/Developer/Library/Frameworks",
					"$(inherited)",
					"$(DEVELOPER_FRAMEWORKS_DIR)",
				);
				GCC_PRECOMPILE_PREFIX_HEADER = YES;
				GCC_PREFIX_HEADER = "mypodcast/mypodcast-Prefix.pch";
				INFOPLIST_FILE = "mypodcastTests/mypodcastTests-Info.plist";
				PRODUCT_NAME = "$(TARGET_NAME)";
				TEST_HOST = "$(BUNDLE_LOADER)";
				WRAPPER_EXTENSION = xctest;
			};
			name = Release;
		};
/* End XCBuildConfiguration section */

/* Begin XCConfigurationList section */
		7932AD44198A1B5000151759 /* Build configuration list for PBXProject "mypodcast" */ = {
			isa = XCConfigurationList;
			buildConfigurations = (
				7932AD73198A1B5000151759 /* Debug */,
				7932AD74198A1B5000151759 /* Release */,
			);
			defaultConfigurationIsVisible = 0;
			defaultConfigurationName = Release;
		};
		7932AD75198A1B5000151759 /* Build configuration list for PBXNativeTarget "mypodcast" */ = {
			isa = XCConfigurationList;
			buildConfigurations = (
				7932AD76198A1B5000151759 /* Debug */,
				7932AD77198A1B5000151759 /* Release */,
			);
			defaultConfigurationIsVisible = 0;
			defaultConfigurationName = Release;
		};
		7932AD78198A1B5000151759 /* Build configuration list for PBXNativeTarget "mypodcastTests" */ = {
			isa = XCConfigurationList;
			buildConfigurations = (
				7932AD79198A1B5000151759 /* Debug */,
				7932AD7A198A1B5000151759 /* Release */,
			);
			defaultConfigurationIsVisible = 0;
			defaultConfigurationName = Release;
		};
/* End XCConfigurationList section */

/* Begin XCVersionGroup section */
		7939A220199DE38A00EF6339 /* Model.xcdatamodeld */ = {
			isa = XCVersionGroup;
			children = (
				7939A221199DE38A00EF6339 /* Model.xcdatamodel */,
			);
			currentVersion = 7939A221199DE38A00EF6339 /* Model.xcdatamodel */;
			path = Model.xcdatamodeld;
			sourceTree = "<group>";
			versionGroupType = wrapper.xcdatamodel;
		};
/* End XCVersionGroup section */
	};
	rootObject = 7932AD41198A1B5000151759 /* Project object */;
}
